
Microsoft Visual Studio Solution File, Format Version 12.00
# Visual Studio Version 16
VisualStudioVersion = 16.0.30114.105
MinimumVisualStudioVersion = 10.0.40219.1
Project("{2150E333-8FDC-42A3-9474-1A3956D46DE8}") = "blog", "blog", "{61F29449-CB9E-42D1-85F9-2FB91D7ED0A3}"
EndProject
Project("{FAE04EC0-301F-11D3-BF4B-00C04F79EFBC}") = "Horizon.Blog.Domain", "Horizon.Blog.Domain\Horizon.Blog.Domain.csproj", "{3B0297F8-0021-4CB5-8247-912DC9E56C18}"
EndProject
Project("{FAE04EC0-301F-11D3-BF4B-00C04F79EFBC}") = "Horizon.Blog.Infrastructure", "Horizon.Blog.Infrastructure\Horizon.Blog.Infrastructure.csproj", "{9838C894-A8C8-49B9-BD65-2D4193F3FAE6}"
EndProject
Global
	GlobalSection(SolutionConfigurationPlatforms) = preSolution
		Debug|Any CPU = Debug|Any CPU
		Debug|x64 = Debug|x64
		Debug|x86 = Debug|x86
		Release|Any CPU = Release|Any CPU
		Release|x64 = Release|x64
		Release|x86 = Release|x86
	EndGlobalSection
	GlobalSection(ProjectConfigurationPlatforms) = postSolution
		{3B0297F8-0021-4CB5-8247-912DC9E56C18}.Debug|Any CPU.ActiveCfg = Debug|Any CPU
		{3B0297F8-0021-4CB5-8247-912DC9E56C18}.Debug|Any CPU.Build.0 = Debug|Any CPU
		{3B0297F8-0021-4CB5-8247-912DC9E56C18}.Debug|x64.ActiveCfg = Debug|Any CPU
		{3B0297F8-0021-4CB5-8247-912DC9E56C18}.Debug|x64.Build.0 = Debug|Any CPU
		{3B0297F8-0021-4CB5-8247-912DC9E56C18}.Debug|x86.ActiveCfg = Debug|Any CPU
		{3B0297F8-0021-4CB5-8247-912DC9E56C18}.Debug|x86.Build.0 = Debug|Any CPU
		{3B0297F8-0021-4CB5-8247-912DC9E56C18}.Release|Any CPU.ActiveCfg = Release|Any CPU
		{3B0297F8-0021-4CB5-8247-912DC9E56C18}.Release|Any CPU.Build.0 = Release|Any CPU
		{3B0297F8-0021-4CB5-8247-912DC9E56C18}.Release|x64.ActiveCfg = Release|Any CPU
		{3B0297F8-0021-4CB5-8247-912DC9E56C18}.Release|x64.Build.0 = Release|Any CPU
		{3B0297F8-0021-4CB5-8247-912DC9E56C18}.Release|x86.ActiveCfg = Release|Any CPU
		{3B0297F8-0021-4CB5-8247-912DC9E56C18}.Release|x86.Build.0 = Release|Any CPU
		{9838C894-A8C8-49B9-BD65-2D4193F3FAE6}.Debug|Any CPU.ActiveCfg = Debug|Any CPU
		{9838C894-A8C8-49B9-BD65-2D4193F3FAE6}.Debug|Any CPU.Build.0 = Debug|Any CPU
		{9838C894-A8C8-49B9-BD65-2D4193F3FAE6}.Debug|x64.ActiveCfg = Debug|Any CPU
		{9838C894-A8C8-49B9-BD65-2D4193F3FAE6}.Debug|x64.Build.0 = Debug|Any CPU
		{9838C894-A8C8-49B9-BD65-2D4193F3FAE6}.Debug|x86.ActiveCfg = Debug|Any CPU
		{9838C894-A8C8-49B9-BD65-2D4193F3FAE6}.Debug|x86.Build.0 = Debug|Any CPU
		{9838C894-A8C8-49B9-BD65-2D4193F3FAE6}.Release|Any CPU.ActiveCfg = Release|Any CPU
		{9838C894-A8C8-49B9-BD65-2D4193F3FAE6}.Release|Any CPU.Build.0 = Release|Any CPU
		{9838C894-A8C8-49B9-BD65-2D4193F3FAE6}.Release|x64.ActiveCfg = Release|Any CPU
		{9838C894-A8C8-49B9-BD65-2D4193F3FAE6}.Release|x64.Build.0 = Release|Any CPU
		{9838C894-A8C8-49B9-BD65-2D4193F3FAE6}.Release|x86.ActiveCfg = Release|Any CPU
		{9838C894-A8C8-49B9-BD65-2D4193F3FAE6}.Release|x86.Build.0 = Release|Any CPU
	EndGlobalSection
	GlobalSection(SolutionProperties) = preSolution
		HideSolutionNode = FALSE
	EndGlobalSection
	GlobalSection(NestedProjects) = preSolution
		{3B0297F8-0021-4CB5-8247-912DC9E56C18} = {61F29449-CB9E-42D1-85F9-2FB91D7ED0A3}
		{9838C894-A8C8-49B9-BD65-2D4193F3FAE6} = {61F29449-CB9E-42D1-85F9-2FB91D7ED0A3}
	EndGlobalSection
	GlobalSection(ExtensibilityGlobals) = postSolution
		SolutionGuid = {F0361E48-8E2E-4424-A2C2-18F3FD4B9A21}
	EndGlobalSection
EndGlobal
